
Microsoft Visual Studio Solution File, Format Version 12.00
# Visual Studio 15
VisualStudioVersion = 15.0.28307.421
MinimumVisualStudioVersion = 10.0.40219.1
Project("{FAE04EC0-301F-11D3-BF4B-00C04F79EFBC}") = "PizzaCreator V1", "ConsoleApp1\PizzaCreator V1.csproj", "{BABFE860-873D-4EE8-A53F-18E3AD907EA1}"
EndProject
Global
	GlobalSection(SolutionConfigurationPlatforms) = preSolution
		Debug|Any CPU = Debug|Any CPU
		Release|Any CPU = Release|Any CPU
	EndGlobalSection
	GlobalSection(ProjectConfigurationPlatforms) = postSolution
		{BABFE860-873D-4EE8-A53F-18E3AD907EA1}.Debug|Any CPU.ActiveCfg = Debug|Any CPU
		{BABFE860-873D-4EE8-A53F-18E3AD907EA1}.Debug|Any CPU.Build.0 = Debug|Any CPU
		{BABFE860-873D-4EE8-A53F-18E3AD907EA1}.Release|Any CPU.ActiveCfg = Release|Any CPU
		{BABFE860-873D-4EE8-A53F-18E3AD907EA1}.Release|Any CPU.Build.0 = Release|Any CPU
	EndGlobalSection
	GlobalSection(SolutionProperties) = preSolution
		HideSolutionNode = FALSE
	EndGlobalSection
	GlobalSection(ExtensibilityGlobals) = postSolution
		SolutionGuid = {65482BA4-C836-4924-B560-660D6179B880}
	EndGlobalSection
EndGlobal
