
Microsoft Visual Studio Solution File, Format Version 12.00
# Visual Studio 15
VisualStudioVersion = 15.0.28010.2048
MinimumVisualStudioVersion = 10.0.40219.1
Project("{FAE04EC0-301F-11D3-BF4B-00C04F79EFBC}") = "CharacterCreator.Winforms", "CharacterCreator.Winforms\CharacterCreator.Winforms.csproj", "{1334B271-E079-4361-BBAF-9FA887CA7A91}"
EndProject
Project("{FAE04EC0-301F-11D3-BF4B-00C04F79EFBC}") = "CharacterCreator", "CharacterCreator\CharacterCreator.csproj", "{6C0ADFB0-5727-4CAB-9E5D-B3CDD2CA2D27}"
EndProject
Global
	GlobalSection(SolutionConfigurationPlatforms) = preSolution
		Debug|Any CPU = Debug|Any CPU
		Release|Any CPU = Release|Any CPU
	EndGlobalSection
	GlobalSection(ProjectConfigurationPlatforms) = postSolution
		{1334B271-E079-4361-BBAF-9FA887CA7A91}.Debug|Any CPU.ActiveCfg = Debug|Any CPU
		{1334B271-E079-4361-BBAF-9FA887CA7A91}.Debug|Any CPU.Build.0 = Debug|Any CPU
		{1334B271-E079-4361-BBAF-9FA887CA7A91}.Release|Any CPU.ActiveCfg = Release|Any CPU
		{1334B271-E079-4361-BBAF-9FA887CA7A91}.Release|Any CPU.Build.0 = Release|Any CPU
		{6C0ADFB0-5727-4CAB-9E5D-B3CDD2CA2D27}.Debug|Any CPU.ActiveCfg = Debug|Any CPU
		{6C0ADFB0-5727-4CAB-9E5D-B3CDD2CA2D27}.Debug|Any CPU.Build.0 = Debug|Any CPU
		{6C0ADFB0-5727-4CAB-9E5D-B3CDD2CA2D27}.Release|Any CPU.ActiveCfg = Release|Any CPU
		{6C0ADFB0-5727-4CAB-9E5D-B3CDD2CA2D27}.Release|Any CPU.Build.0 = Release|Any CPU
	EndGlobalSection
	GlobalSection(SolutionProperties) = preSolution
		HideSolutionNode = FALSE
	EndGlobalSection
	GlobalSection(ExtensibilityGlobals) = postSolution
		SolutionGuid = {DC7614F7-AF38-489B-B105-E83F5101275E}
	EndGlobalSection
EndGlobal
